
Microsoft Visual Studio Solution File, Format Version 12.00
# Visual Studio Version 16
VisualStudioVersion = 16.0.31129.286
MinimumVisualStudioVersion = 10.0.40219.1
Project("{FAE04EC0-301F-11D3-BF4B-00C04F79EFBC}") = "Conversor de Unidade de Velocidade", "Conversor de Unidade de Velocidade\Conversor de Unidade de Velocidade.csproj", "{3BAB43E6-0CDA-4859-AE0F-64E5850CD6BD}"
EndProject
Global
	GlobalSection(SolutionConfigurationPlatforms) = preSolution
		Debug|Any CPU = Debug|Any CPU
		Release|Any CPU = Release|Any CPU
	EndGlobalSection
	GlobalSection(ProjectConfigurationPlatforms) = postSolution
		{3BAB43E6-0CDA-4859-AE0F-64E5850CD6BD}.Debug|Any CPU.ActiveCfg = Debug|Any CPU
		{3BAB43E6-0CDA-4859-AE0F-64E5850CD6BD}.Debug|Any CPU.Build.0 = Debug|Any CPU
		{3BAB43E6-0CDA-4859-AE0F-64E5850CD6BD}.Release|Any CPU.ActiveCfg = Release|Any CPU
		{3BAB43E6-0CDA-4859-AE0F-64E5850CD6BD}.Release|Any CPU.Build.0 = Release|Any CPU
	EndGlobalSection
	GlobalSection(SolutionProperties) = preSolution
		HideSolutionNode = FALSE
	EndGlobalSection
	GlobalSection(ExtensibilityGlobals) = postSolution
		SolutionGuid = {F6122356-F26D-409F-9790-BC8513A1581F}
	EndGlobalSection
EndGlobal
